
Microsoft Visual Studio Solution File, Format Version 12.00
# Visual Studio 15
Project("{FAE04EC0-301F-11D3-BF4B-00C04F79EFBC}") = "UnityEngine.TestRunner", "UnityEngine.TestRunner.csproj", "{205B9840-087B-E373-B02E-8F02E988A475}"
EndProject
Project("{FAE04EC0-301F-11D3-BF4B-00C04F79EFBC}") = "Unity.Mathematics", "Unity.Mathematics.csproj", "{A9B1531D-EFAE-9942-7EE9-E03840E8FD47}"
EndProject
Project("{FAE04EC0-301F-11D3-BF4B-00C04F79EFBC}") = "Unity.2D.Animation.Triangle.Runtime", "Unity.2D.Animation.Triangle.Runtime.csproj", "{DB63FBC9-120E-AF33-D700-522CE278A10F}"
EndProject
Project("{FAE04EC0-301F-11D3-BF4B-00C04F79EFBC}") = "Unity.Timeline", "Unity.Timeline.csproj", "{A3397029-3B7C-9F19-2F88-5D808EEAA38E}"
EndProject
Project("{FAE04EC0-301F-11D3-BF4B-00C04F79EFBC}") = "UnityEngine.UI", "UnityEngine.UI.csproj", "{1312E20D-06D9-5E51-1F0A-6BE3ED9AB772}"
EndProject
Project("{FAE04EC0-301F-11D3-BF4B-00C04F79EFBC}") = "Unity.TextMeshPro", "Unity.TextMeshPro.csproj", "{D1C84B81-E18E-E667-67DC-CF6204513203}"
EndProject
Project("{FAE04EC0-301F-11D3-BF4B-00C04F79EFBC}") = "Assembly-CSharp", "Assembly-CSharp.csproj", "{4600CEC8-57C6-59AC-919D-E6FBE37F3852}"
EndProject
Project("{FAE04EC0-301F-11D3-BF4B-00C04F79EFBC}") = "Unity.2D.Animation.Runtime", "Unity.2D.Animation.Runtime.csproj", "{062FCCC2-A46E-10CB-8398-C17C4219BE78}"
EndProject
Project("{FAE04EC0-301F-11D3-BF4B-00C04F79EFBC}") = "Unity.2D.IK.Runtime", "Unity.2D.IK.Runtime.csproj", "{815C761F-1753-D511-8FAA-315FEA6C2BE4}"
EndProject
Project("{FAE04EC0-301F-11D3-BF4B-00C04F79EFBC}") = "Unity.2D.SpriteShape.Runtime", "Unity.2D.SpriteShape.Runtime.csproj", "{3620E216-2DA9-2896-895A-F4714F0E4230}"
EndProject
Project("{FAE04EC0-301F-11D3-BF4B-00C04F79EFBC}") = "Unity.2D.PixelPerfect", "Unity.2D.PixelPerfect.csproj", "{CB7D77DE-E446-E13A-051B-13BCB9FC4604}"
EndProject
Project("{FAE04EC0-301F-11D3-BF4B-00C04F79EFBC}") = "Unity.2D.Common.Runtime", "Unity.2D.Common.Runtime.csproj", "{188B2E0E-CA7E-8ED9-DF81-961D6C370386}"
EndProject
Project("{FAE04EC0-301F-11D3-BF4B-00C04F79EFBC}") = "Unity.InternalAPIEngineBridge.001", "Unity.InternalAPIEngineBridge.001.csproj", "{45E2CC2C-5029-8CF5-9B95-D30801AEF25B}"
EndProject
Project("{FAE04EC0-301F-11D3-BF4B-00C04F79EFBC}") = "UnityEditor.TestRunner", "UnityEditor.TestRunner.csproj", "{2F4ED3AB-BB92-C294-CC1C-E658D2A65652}"
EndProject
Project("{FAE04EC0-301F-11D3-BF4B-00C04F79EFBC}") = "UnityEditor.UI", "UnityEditor.UI.csproj", "{2D9E8B08-FB52-B10F-7927-88E77639639E}"
EndProject
Project("{FAE04EC0-301F-11D3-BF4B-00C04F79EFBC}") = "Unity.Timeline.Editor", "Unity.Timeline.Editor.csproj", "{91853A67-C941-37DE-AC85-2E8147F705E9}"
EndProject
Project("{FAE04EC0-301F-11D3-BF4B-00C04F79EFBC}") = "Unity.VisualStudio.Editor", "Unity.VisualStudio.Editor.csproj", "{E97140A5-4F9C-A5BB-EAF6-8258AF4CE8D7}"
EndProject
Project("{FAE04EC0-301F-11D3-BF4B-00C04F79EFBC}") = "Unity.2D.Psdimporter.Editor", "Unity.2D.Psdimporter.Editor.csproj", "{4324FCAB-F5C5-1910-C7EC-033A48090A6F}"
EndProject
Project("{FAE04EC0-301F-11D3-BF4B-00C04F79EFBC}") = "Unity.2D.Animation.Editor", "Unity.2D.Animation.Editor.csproj", "{2CCCC21E-F9BF-26A5-B9C4-629EF4694E32}"
EndProject
Project("{FAE04EC0-301F-11D3-BF4B-00C04F79EFBC}") = "Unity.TextMeshPro.Editor", "Unity.TextMeshPro.Editor.csproj", "{AFC0CD7C-DFF0-348E-B806-86A02D4C6931}"
EndProject
Project("{FAE04EC0-301F-11D3-BF4B-00C04F79EFBC}") = "Unity.2D.SpriteShape.Editor", "Unity.2D.SpriteShape.Editor.csproj", "{784834FF-1FD0-A5E4-14C3-D74490373E40}"
EndProject
Project("{FAE04EC0-301F-11D3-BF4B-00C04F79EFBC}") = "Unity.CollabProxy.Editor", "Unity.CollabProxy.Editor.csproj", "{D9108EC1-EC20-47F1-7B7E-F7C0B7F44145}"
EndProject
Project("{FAE04EC0-301F-11D3-BF4B-00C04F79EFBC}") = "PsdPlugin", "PsdPlugin.csproj", "{53E658F1-EF5E-AB2E-79E0-47F62140CBAB}"
EndProject
Project("{FAE04EC0-301F-11D3-BF4B-00C04F79EFBC}") = "Unity.2D.Path.Editor", "Unity.2D.Path.Editor.csproj", "{7173A874-6EA9-0AC6-A863-B55D0A785AED}"
EndProject
Project("{FAE04EC0-301F-11D3-BF4B-00C04F79EFBC}") = "Unity.Rider.Editor", "Unity.Rider.Editor.csproj", "{2E678D86-5E4C-A4C0-6A60-9AA035DB7161}"
EndProject
Project("{FAE04EC0-301F-11D3-BF4B-00C04F79EFBC}") = "Unity.2D.IK.Editor", "Unity.2D.IK.Editor.csproj", "{34824B8B-9C4C-D0EB-4C74-00C4399C1A4A}"
EndProject
Project("{FAE04EC0-301F-11D3-BF4B-00C04F79EFBC}") = "Unity.2D.Sprite.Editor", "Unity.2D.Sprite.Editor.csproj", "{13F48908-B2BB-1BBC-0772-3BAE8B6B1D19}"
EndProject
Project("{FAE04EC0-301F-11D3-BF4B-00C04F79EFBC}") = "Unity.2D.Tilemap.Editor", "Unity.2D.Tilemap.Editor.csproj", "{ED40E643-3E4A-9B99-C1BF-02B28A2D1CBA}"
EndProject
Project("{FAE04EC0-301F-11D3-BF4B-00C04F79EFBC}") = "Unity.2D.PixelPerfect.Editor", "Unity.2D.PixelPerfect.Editor.csproj", "{29D5DF74-6D67-0BCF-FBCB-CBD3F70DC4F9}"
EndProject
Project("{FAE04EC0-301F-11D3-BF4B-00C04F79EFBC}") = "Unity.VSCode.Editor", "Unity.VSCode.Editor.csproj", "{8511666E-82BF-B8C2-D401-1E3FD0F3835D}"
EndProject
Project("{FAE04EC0-301F-11D3-BF4B-00C04F79EFBC}") = "Unity.2D.Common.Editor", "Unity.2D.Common.Editor.csproj", "{46D1949A-A8AD-C62B-2AEC-084FEEADE06E}"
EndProject
Project("{FAE04EC0-301F-11D3-BF4B-00C04F79EFBC}") = "Unity.Mathematics.Editor", "Unity.Mathematics.Editor.csproj", "{FD0590FB-747E-BDC4-E620-589D9C12484A}"
EndProject
Project("{FAE04EC0-301F-11D3-BF4B-00C04F79EFBC}") = "Unity.InternalAPIEditorBridge.001", "Unity.InternalAPIEditorBridge.001.csproj", "{BAAD5C33-ED76-68ED-DD1C-58D6AC78ECD5}"
EndProject
Project("{FAE04EC0-301F-11D3-BF4B-00C04F79EFBC}") = "UnityEngine.TestRunner", "UnityEngine.TestRunner.Player.csproj", "{1C61AC5C-5D84-0CF3-4A1A-6D70188D16A5}"
EndProject
Project("{FAE04EC0-301F-11D3-BF4B-00C04F79EFBC}") = "Unity.Mathematics", "Unity.Mathematics.Player.csproj", "{2C618F7E-3A83-F09F-A115-F65F9162E7FA}"
EndProject
Project("{FAE04EC0-301F-11D3-BF4B-00C04F79EFBC}") = "Unity.2D.Animation.Triangle.Runtime", "Unity.2D.Animation.Triangle.Runtime.Player.csproj", "{0AE57B1D-1A85-D721-570E-8FBE2BB5A7BD}"
EndProject
Project("{FAE04EC0-301F-11D3-BF4B-00C04F79EFBC}") = "Unity.Timeline", "Unity.Timeline.Player.csproj", "{FD1F7801-FBF8-5EC9-14E8-929AFDA95FB4}"
EndProject
Project("{FAE04EC0-301F-11D3-BF4B-00C04F79EFBC}") = "UnityEngine.UI", "UnityEngine.UI.Player.csproj", "{C2DA8071-5CC9-7C06-5115-1CDE70126321}"
EndProject
Project("{FAE04EC0-301F-11D3-BF4B-00C04F79EFBC}") = "Unity.TextMeshPro", "Unity.TextMeshPro.Player.csproj", "{E87D8B3C-5BF7-BF1B-7C3F-7921897694CB}"
EndProject
Project("{FAE04EC0-301F-11D3-BF4B-00C04F79EFBC}") = "Assembly-CSharp", "Assembly-CSharp.Player.csproj", "{9C2873F9-CB88-2AAA-9A7B-C07DD2155C64}"
EndProject
Project("{FAE04EC0-301F-11D3-BF4B-00C04F79EFBC}") = "Unity.2D.Animation.Runtime", "Unity.2D.Animation.Runtime.Player.csproj", "{C9FA58D6-D4CD-E4D5-BF41-DDE01757AA4B}"
EndProject
Project("{FAE04EC0-301F-11D3-BF4B-00C04F79EFBC}") = "Unity.2D.IK.Runtime", "Unity.2D.IK.Runtime.Player.csproj", "{B995714E-7198-34FF-C293-1A5A93C939EE}"
EndProject
Project("{FAE04EC0-301F-11D3-BF4B-00C04F79EFBC}") = "Unity.2D.SpriteShape.Runtime", "Unity.2D.SpriteShape.Runtime.Player.csproj", "{EBD7819C-FEFB-C528-E197-7A2173201A97}"
EndProject
Project("{FAE04EC0-301F-11D3-BF4B-00C04F79EFBC}") = "Unity.2D.PixelPerfect", "Unity.2D.PixelPerfect.Player.csproj", "{3599E542-6F63-DCD2-BF71-010CE9832931}"
EndProject
Project("{FAE04EC0-301F-11D3-BF4B-00C04F79EFBC}") = "Unity.2D.Common.Runtime", "Unity.2D.Common.Runtime.Player.csproj", "{05ACAE6A-00D6-1F8F-437D-267C291B9860}"
EndProject
Project("{FAE04EC0-301F-11D3-BF4B-00C04F79EFBC}") = "Unity.InternalAPIEngineBridge.001", "Unity.InternalAPIEngineBridge.001.Player.csproj", "{002BFEE7-3B2C-CBB8-DA20-1E2A3EFCDDE5}"
EndProject
Global
	GlobalSection(SolutionConfigurationPlatforms) = preSolution
		Debug|Any CPU = Debug|Any CPU
		Release|Any CPU = Release|Any CPU
	EndGlobalSection
	GlobalSection(ProjectConfigurationPlatforms) = postSolution
		{205B9840-087B-E373-B02E-8F02E988A475}.Debug|Any CPU.ActiveCfg = Debug|Any CPU
		{205B9840-087B-E373-B02E-8F02E988A475}.Debug|Any CPU.Build.0 = Debug|Any CPU
		{205B9840-087B-E373-B02E-8F02E988A475}.Release|Any CPU.ActiveCfg = Release|Any CPU
		{205B9840-087B-E373-B02E-8F02E988A475}.Release|Any CPU.Build.0 = Release|Any CPU
		{A9B1531D-EFAE-9942-7EE9-E03840E8FD47}.Debug|Any CPU.ActiveCfg = Debug|Any CPU
		{A9B1531D-EFAE-9942-7EE9-E03840E8FD47}.Debug|Any CPU.Build.0 = Debug|Any CPU
		{A9B1531D-EFAE-9942-7EE9-E03840E8FD47}.Release|Any CPU.ActiveCfg = Release|Any CPU
		{A9B1531D-EFAE-9942-7EE9-E03840E8FD47}.Release|Any CPU.Build.0 = Release|Any CPU
		{DB63FBC9-120E-AF33-D700-522CE278A10F}.Debug|Any CPU.ActiveCfg = Debug|Any CPU
		{DB63FBC9-120E-AF33-D700-522CE278A10F}.Debug|Any CPU.Build.0 = Debug|Any CPU
		{DB63FBC9-120E-AF33-D700-522CE278A10F}.Release|Any CPU.ActiveCfg = Release|Any CPU
		{DB63FBC9-120E-AF33-D700-522CE278A10F}.Release|Any CPU.Build.0 = Release|Any CPU
		{A3397029-3B7C-9F19-2F88-5D808EEAA38E}.Debug|Any CPU.ActiveCfg = Debug|Any CPU
		{A3397029-3B7C-9F19-2F88-5D808EEAA38E}.Debug|Any CPU.Build.0 = Debug|Any CPU
		{A3397029-3B7C-9F19-2F88-5D808EEAA38E}.Release|Any CPU.ActiveCfg = Release|Any CPU
		{A3397029-3B7C-9F19-2F88-5D808EEAA38E}.Release|Any CPU.Build.0 = Release|Any CPU
		{1312E20D-06D9-5E51-1F0A-6BE3ED9AB772}.Debug|Any CPU.ActiveCfg = Debug|Any CPU
		{1312E20D-06D9-5E51-1F0A-6BE3ED9AB772}.Debug|Any CPU.Build.0 = Debug|Any CPU
		{1312E20D-06D9-5E51-1F0A-6BE3ED9AB772}.Release|Any CPU.ActiveCfg = Release|Any CPU
		{1312E20D-06D9-5E51-1F0A-6BE3ED9AB772}.Release|Any CPU.Build.0 = Release|Any CPU
		{D1C84B81-E18E-E667-67DC-CF6204513203}.Debug|Any CPU.ActiveCfg = Debug|Any CPU
		{D1C84B81-E18E-E667-67DC-CF6204513203}.Debug|Any CPU.Build.0 = Debug|Any CPU
		{D1C84B81-E18E-E667-67DC-CF6204513203}.Release|Any CPU.ActiveCfg = Release|Any CPU
		{D1C84B81-E18E-E667-67DC-CF6204513203}.Release|Any CPU.Build.0 = Release|Any CPU
		{4600CEC8-57C6-59AC-919D-E6FBE37F3852}.Debug|Any CPU.ActiveCfg = Debug|Any CPU
		{4600CEC8-57C6-59AC-919D-E6FBE37F3852}.Debug|Any CPU.Build.0 = Debug|Any CPU
		{4600CEC8-57C6-59AC-919D-E6FBE37F3852}.Release|Any CPU.ActiveCfg = Release|Any CPU
		{4600CEC8-57C6-59AC-919D-E6FBE37F3852}.Release|Any CPU.Build.0 = Release|Any CPU
		{062FCCC2-A46E-10CB-8398-C17C4219BE78}.Debug|Any CPU.ActiveCfg = Debug|Any CPU
		{062FCCC2-A46E-10CB-8398-C17C4219BE78}.Debug|Any CPU.Build.0 = Debug|Any CPU
		{062FCCC2-A46E-10CB-8398-C17C4219BE78}.Release|Any CPU.ActiveCfg = Release|Any CPU
		{062FCCC2-A46E-10CB-8398-C17C4219BE78}.Release|Any CPU.Build.0 = Release|Any CPU
		{815C761F-1753-D511-8FAA-315FEA6C2BE4}.Debug|Any CPU.ActiveCfg = Debug|Any CPU
		{815C761F-1753-D511-8FAA-315FEA6C2BE4}.Debug|Any CPU.Build.0 = Debug|Any CPU
		{815C761F-1753-D511-8FAA-315FEA6C2BE4}.Release|Any CPU.ActiveCfg = Release|Any CPU
		{815C761F-1753-D511-8FAA-315FEA6C2BE4}.Release|Any CPU.Build.0 = Release|Any CPU
		{3620E216-2DA9-2896-895A-F4714F0E4230}.Debug|Any CPU.ActiveCfg = Debug|Any CPU
		{3620E216-2DA9-2896-895A-F4714F0E4230}.Debug|Any CPU.Build.0 = Debug|Any CPU
		{3620E216-2DA9-2896-895A-F4714F0E4230}.Release|Any CPU.ActiveCfg = Release|Any CPU
		{3620E216-2DA9-2896-895A-F4714F0E4230}.Release|Any CPU.Build.0 = Release|Any CPU
		{CB7D77DE-E446-E13A-051B-13BCB9FC4604}.Debug|Any CPU.ActiveCfg = Debug|Any CPU
		{CB7D77DE-E446-E13A-051B-13BCB9FC4604}.Debug|Any CPU.Build.0 = Debug|Any CPU
		{CB7D77DE-E446-E13A-051B-13BCB9FC4604}.Release|Any CPU.ActiveCfg = Release|Any CPU
		{CB7D77DE-E446-E13A-051B-13BCB9FC4604}.Release|Any CPU.Build.0 = Release|Any CPU
		{188B2E0E-CA7E-8ED9-DF81-961D6C370386}.Debug|Any CPU.ActiveCfg = Debug|Any CPU
		{188B2E0E-CA7E-8ED9-DF81-961D6C370386}.Debug|Any CPU.Build.0 = Debug|Any CPU
		{188B2E0E-CA7E-8ED9-DF81-961D6C370386}.Release|Any CPU.ActiveCfg = Release|Any CPU
		{188B2E0E-CA7E-8ED9-DF81-961D6C370386}.Release|Any CPU.Build.0 = Release|Any CPU
		{45E2CC2C-5029-8CF5-9B95-D30801AEF25B}.Debug|Any CPU.ActiveCfg = Debug|Any CPU
		{45E2CC2C-5029-8CF5-9B95-D30801AEF25B}.Debug|Any CPU.Build.0 = Debug|Any CPU
		{45E2CC2C-5029-8CF5-9B95-D30801AEF25B}.Release|Any CPU.ActiveCfg = Release|Any CPU
		{45E2CC2C-5029-8CF5-9B95-D30801AEF25B}.Release|Any CPU.Build.0 = Release|Any CPU
		{2F4ED3AB-BB92-C294-CC1C-E658D2A65652}.Debug|Any CPU.ActiveCfg = Debug|Any CPU
		{2F4ED3AB-BB92-C294-CC1C-E658D2A65652}.Debug|Any CPU.Build.0 = Debug|Any CPU
		{2F4ED3AB-BB92-C294-CC1C-E658D2A65652}.Release|Any CPU.ActiveCfg = Release|Any CPU
		{2F4ED3AB-BB92-C294-CC1C-E658D2A65652}.Release|Any CPU.Build.0 = Release|Any CPU
		{2D9E8B08-FB52-B10F-7927-88E77639639E}.Debug|Any CPU.ActiveCfg = Debug|Any CPU
		{2D9E8B08-FB52-B10F-7927-88E77639639E}.Debug|Any CPU.Build.0 = Debug|Any CPU
		{2D9E8B08-FB52-B10F-7927-88E77639639E}.Release|Any CPU.ActiveCfg = Release|Any CPU
		{2D9E8B08-FB52-B10F-7927-88E77639639E}.Release|Any CPU.Build.0 = Release|Any CPU
		{91853A67-C941-37DE-AC85-2E8147F705E9}.Debug|Any CPU.ActiveCfg = Debug|Any CPU
		{91853A67-C941-37DE-AC85-2E8147F705E9}.Debug|Any CPU.Build.0 = Debug|Any CPU
		{91853A67-C941-37DE-AC85-2E8147F705E9}.Release|Any CPU.ActiveCfg = Release|Any CPU
		{91853A67-C941-37DE-AC85-2E8147F705E9}.Release|Any CPU.Build.0 = Release|Any CPU
		{E97140A5-4F9C-A5BB-EAF6-8258AF4CE8D7}.Debug|Any CPU.ActiveCfg = Debug|Any CPU
		{E97140A5-4F9C-A5BB-EAF6-8258AF4CE8D7}.Debug|Any CPU.Build.0 = Debug|Any CPU
		{E97140A5-4F9C-A5BB-EAF6-8258AF4CE8D7}.Release|Any CPU.ActiveCfg = Release|Any CPU
		{E97140A5-4F9C-A5BB-EAF6-8258AF4CE8D7}.Release|Any CPU.Build.0 = Release|Any CPU
		{4324FCAB-F5C5-1910-C7EC-033A48090A6F}.Debug|Any CPU.ActiveCfg = Debug|Any CPU
		{4324FCAB-F5C5-1910-C7EC-033A48090A6F}.Debug|Any CPU.Build.0 = Debug|Any CPU
		{4324FCAB-F5C5-1910-C7EC-033A48090A6F}.Release|Any CPU.ActiveCfg = Release|Any CPU
		{4324FCAB-F5C5-1910-C7EC-033A48090A6F}.Release|Any CPU.Build.0 = Release|Any CPU
		{2CCCC21E-F9BF-26A5-B9C4-629EF4694E32}.Debug|Any CPU.ActiveCfg = Debug|Any CPU
		{2CCCC21E-F9BF-26A5-B9C4-629EF4694E32}.Debug|Any CPU.Build.0 = Debug|Any CPU
		{2CCCC21E-F9BF-26A5-B9C4-629EF4694E32}.Release|Any CPU.ActiveCfg = Release|Any CPU
		{2CCCC21E-F9BF-26A5-B9C4-629EF4694E32}.Release|Any CPU.Build.0 = Release|Any CPU
		{AFC0CD7C-DFF0-348E-B806-86A02D4C6931}.Debug|Any CPU.ActiveCfg = Debug|Any CPU
		{AFC0CD7C-DFF0-348E-B806-86A02D4C6931}.Debug|Any CPU.Build.0 = Debug|Any CPU
		{AFC0CD7C-DFF0-348E-B806-86A02D4C6931}.Release|Any CPU.ActiveCfg = Release|Any CPU
		{AFC0CD7C-DFF0-348E-B806-86A02D4C6931}.Release|Any CPU.Build.0 = Release|Any CPU
		{784834FF-1FD0-A5E4-14C3-D74490373E40}.Debug|Any CPU.ActiveCfg = Debug|Any CPU
		{784834FF-1FD0-A5E4-14C3-D74490373E40}.Debug|Any CPU.Build.0 = Debug|Any CPU
		{784834FF-1FD0-A5E4-14C3-D74490373E40}.Release|Any CPU.ActiveCfg = Release|Any CPU
		{784834FF-1FD0-A5E4-14C3-D74490373E40}.Release|Any CPU.Build.0 = Release|Any CPU
		{D9108EC1-EC20-47F1-7B7E-F7C0B7F44145}.Debug|Any CPU.ActiveCfg = Debug|Any CPU
		{D9108EC1-EC20-47F1-7B7E-F7C0B7F44145}.Debug|Any CPU.Build.0 = Debug|Any CPU
		{D9108EC1-EC20-47F1-7B7E-F7C0B7F44145}.Release|Any CPU.ActiveCfg = Release|Any CPU
		{D9108EC1-EC20-47F1-7B7E-F7C0B7F44145}.Release|Any CPU.Build.0 = Release|Any CPU
		{53E658F1-EF5E-AB2E-79E0-47F62140CBAB}.Debug|Any CPU.ActiveCfg = Debug|Any CPU
		{53E658F1-EF5E-AB2E-79E0-47F62140CBAB}.Debug|Any CPU.Build.0 = Debug|Any CPU
		{53E658F1-EF5E-AB2E-79E0-47F62140CBAB}.Release|Any CPU.ActiveCfg = Release|Any CPU
		{53E658F1-EF5E-AB2E-79E0-47F62140CBAB}.Release|Any CPU.Build.0 = Release|Any CPU
		{7173A874-6EA9-0AC6-A863-B55D0A785AED}.Debug|Any CPU.ActiveCfg = Debug|Any CPU
		{7173A874-6EA9-0AC6-A863-B55D0A785AED}.Debug|Any CPU.Build.0 = Debug|Any CPU
		{7173A874-6EA9-0AC6-A863-B55D0A785AED}.Release|Any CPU.ActiveCfg = Release|Any CPU
		{7173A874-6EA9-0AC6-A863-B55D0A785AED}.Release|Any CPU.Build.0 = Release|Any CPU
		{2E678D86-5E4C-A4C0-6A60-9AA035DB7161}.Debug|Any CPU.ActiveCfg = Debug|Any CPU
		{2E678D86-5E4C-A4C0-6A60-9AA035DB7161}.Debug|Any CPU.Build.0 = Debug|Any CPU
		{2E678D86-5E4C-A4C0-6A60-9AA035DB7161}.Release|Any CPU.ActiveCfg = Release|Any CPU
		{2E678D86-5E4C-A4C0-6A60-9AA035DB7161}.Release|Any CPU.Build.0 = Release|Any CPU
		{34824B8B-9C4C-D0EB-4C74-00C4399C1A4A}.Debug|Any CPU.ActiveCfg = Debug|Any CPU
		{34824B8B-9C4C-D0EB-4C74-00C4399C1A4A}.Debug|Any CPU.Build.0 = Debug|Any CPU
		{34824B8B-9C4C-D0EB-4C74-00C4399C1A4A}.Release|Any CPU.ActiveCfg = Release|Any CPU
		{34824B8B-9C4C-D0EB-4C74-00C4399C1A4A}.Release|Any CPU.Build.0 = Release|Any CPU
		{13F48908-B2BB-1BBC-0772-3BAE8B6B1D19}.Debug|Any CPU.ActiveCfg = Debug|Any CPU
		{13F48908-B2BB-1BBC-0772-3BAE8B6B1D19}.Debug|Any CPU.Build.0 = Debug|Any CPU
		{13F48908-B2BB-1BBC-0772-3BAE8B6B1D19}.Release|Any CPU.ActiveCfg = Release|Any CPU
		{13F48908-B2BB-1BBC-0772-3BAE8B6B1D19}.Release|Any CPU.Build.0 = Release|Any CPU
		{ED40E643-3E4A-9B99-C1BF-02B28A2D1CBA}.Debug|Any CPU.ActiveCfg = Debug|Any CPU
		{ED40E643-3E4A-9B99-C1BF-02B28A2D1CBA}.Debug|Any CPU.Build.0 = Debug|Any CPU
		{ED40E643-3E4A-9B99-C1BF-02B28A2D1CBA}.Release|Any CPU.ActiveCfg = Release|Any CPU
		{ED40E643-3E4A-9B99-C1BF-02B28A2D1CBA}.Release|Any CPU.Build.0 = Release|Any CPU
		{29D5DF74-6D67-0BCF-FBCB-CBD3F70DC4F9}.Debug|Any CPU.ActiveCfg = Debug|Any CPU
		{29D5DF74-6D67-0BCF-FBCB-CBD3F70DC4F9}.Debug|Any CPU.Build.0 = Debug|Any CPU
		{29D5DF74-6D67-0BCF-FBCB-CBD3F70DC4F9}.Release|Any CPU.ActiveCfg = Release|Any CPU
		{29D5DF74-6D67-0BCF-FBCB-CBD3F70DC4F9}.Release|Any CPU.Build.0 = Release|Any CPU
		{8511666E-82BF-B8C2-D401-1E3FD0F3835D}.Debug|Any CPU.ActiveCfg = Debug|Any CPU
		{8511666E-82BF-B8C2-D401-1E3FD0F3835D}.Debug|Any CPU.Build.0 = Debug|Any CPU
		{8511666E-82BF-B8C2-D401-1E3FD0F3835D}.Release|Any CPU.ActiveCfg = Release|Any CPU
		{8511666E-82BF-B8C2-D401-1E3FD0F3835D}.Release|Any CPU.Build.0 = Release|Any CPU
		{46D1949A-A8AD-C62B-2AEC-084FEEADE06E}.Debug|Any CPU.ActiveCfg = Debug|Any CPU
		{46D1949A-A8AD-C62B-2AEC-084FEEADE06E}.Debug|Any CPU.Build.0 = Debug|Any CPU
		{46D1949A-A8AD-C62B-2AEC-084FEEADE06E}.Release|Any CPU.ActiveCfg = Release|Any CPU
		{46D1949A-A8AD-C62B-2AEC-084FEEADE06E}.Release|Any CPU.Build.0 = Release|Any CPU
		{FD0590FB-747E-BDC4-E620-589D9C12484A}.Debug|Any CPU.ActiveCfg = Debug|Any CPU
		{FD0590FB-747E-BDC4-E620-589D9C12484A}.Debug|Any CPU.Build.0 = Debug|Any CPU
		{FD0590FB-747E-BDC4-E620-589D9C12484A}.Release|Any CPU.ActiveCfg = Release|Any CPU
		{FD0590FB-747E-BDC4-E620-589D9C12484A}.Release|Any CPU.Build.0 = Release|Any CPU
		{BAAD5C33-ED76-68ED-DD1C-58D6AC78ECD5}.Debug|Any CPU.ActiveCfg = Debug|Any CPU
		{BAAD5C33-ED76-68ED-DD1C-58D6AC78ECD5}.Debug|Any CPU.Build.0 = Debug|Any CPU
		{BAAD5C33-ED76-68ED-DD1C-58D6AC78ECD5}.Release|Any CPU.ActiveCfg = Release|Any CPU
		{BAAD5C33-ED76-68ED-DD1C-58D6AC78ECD5}.Release|Any CPU.Build.0 = Release|Any CPU
		{1C61AC5C-5D84-0CF3-4A1A-6D70188D16A5}.Debug|Any CPU.ActiveCfg = Debug|Any CPU
		{1C61AC5C-5D84-0CF3-4A1A-6D70188D16A5}.Debug|Any CPU.Build.0 = Debug|Any CPU
		{1C61AC5C-5D84-0CF3-4A1A-6D70188D16A5}.Release|Any CPU.ActiveCfg = Release|Any CPU
		{1C61AC5C-5D84-0CF3-4A1A-6D70188D16A5}.Release|Any CPU.Build.0 = Release|Any CPU
		{2C618F7E-3A83-F09F-A115-F65F9162E7FA}.Debug|Any CPU.ActiveCfg = Debug|Any CPU
		{2C618F7E-3A83-F09F-A115-F65F9162E7FA}.Debug|Any CPU.Build.0 = Debug|Any CPU
		{2C618F7E-3A83-F09F-A115-F65F9162E7FA}.Release|Any CPU.ActiveCfg = Release|Any CPU
		{2C618F7E-3A83-F09F-A115-F65F9162E7FA}.Release|Any CPU.Build.0 = Release|Any CPU
		{0AE57B1D-1A85-D721-570E-8FBE2BB5A7BD}.Debug|Any CPU.ActiveCfg = Debug|Any CPU
		{0AE57B1D-1A85-D721-570E-8FBE2BB5A7BD}.Debug|Any CPU.Build.0 = Debug|Any CPU
		{0AE57B1D-1A85-D721-570E-8FBE2BB5A7BD}.Release|Any CPU.ActiveCfg = Release|Any CPU
		{0AE57B1D-1A85-D721-570E-8FBE2BB5A7BD}.Release|Any CPU.Build.0 = Release|Any CPU
		{FD1F7801-FBF8-5EC9-14E8-929AFDA95FB4}.Debug|Any CPU.ActiveCfg = Debug|Any CPU
		{FD1F7801-FBF8-5EC9-14E8-929AFDA95FB4}.Debug|Any CPU.Build.0 = Debug|Any CPU
		{FD1F7801-FBF8-5EC9-14E8-929AFDA95FB4}.Release|Any CPU.ActiveCfg = Release|Any CPU
		{FD1F7801-FBF8-5EC9-14E8-929AFDA95FB4}.Release|Any CPU.Build.0 = Release|Any CPU
		{C2DA8071-5CC9-7C06-5115-1CDE70126321}.Debug|Any CPU.ActiveCfg = Debug|Any CPU
		{C2DA8071-5CC9-7C06-5115-1CDE70126321}.Debug|Any CPU.Build.0 = Debug|Any CPU
		{C2DA8071-5CC9-7C06-5115-1CDE70126321}.Release|Any CPU.ActiveCfg = Release|Any CPU
		{C2DA8071-5CC9-7C06-5115-1CDE70126321}.Release|Any CPU.Build.0 = Release|Any CPU
		{E87D8B3C-5BF7-BF1B-7C3F-7921897694CB}.Debug|Any CPU.ActiveCfg = Debug|Any CPU
		{E87D8B3C-5BF7-BF1B-7C3F-7921897694CB}.Debug|Any CPU.Build.0 = Debug|Any CPU
		{E87D8B3C-5BF7-BF1B-7C3F-7921897694CB}.Release|Any CPU.ActiveCfg = Release|Any CPU
		{E87D8B3C-5BF7-BF1B-7C3F-7921897694CB}.Release|Any CPU.Build.0 = Release|Any CPU
		{9C2873F9-CB88-2AAA-9A7B-C07DD2155C64}.Debug|Any CPU.ActiveCfg = Debug|Any CPU
		{9C2873F9-CB88-2AAA-9A7B-C07DD2155C64}.Debug|Any CPU.Build.0 = Debug|Any CPU
		{9C2873F9-CB88-2AAA-9A7B-C07DD2155C64}.Release|Any CPU.ActiveCfg = Release|Any CPU
		{9C2873F9-CB88-2AAA-9A7B-C07DD2155C64}.Release|Any CPU.Build.0 = Release|Any CPU
		{C9FA58D6-D4CD-E4D5-BF41-DDE01757AA4B}.Debug|Any CPU.ActiveCfg = Debug|Any CPU
		{C9FA58D6-D4CD-E4D5-BF41-DDE01757AA4B}.Debug|Any CPU.Build.0 = Debug|Any CPU
		{C9FA58D6-D4CD-E4D5-BF41-DDE01757AA4B}.Release|Any CPU.ActiveCfg = Release|Any CPU
		{C9FA58D6-D4CD-E4D5-BF41-DDE01757AA4B}.Release|Any CPU.Build.0 = Release|Any CPU
		{B995714E-7198-34FF-C293-1A5A93C939EE}.Debug|Any CPU.ActiveCfg = Debug|Any CPU
		{B995714E-7198-34FF-C293-1A5A93C939EE}.Debug|Any CPU.Build.0 = Debug|Any CPU
		{B995714E-7198-34FF-C293-1A5A93C939EE}.Release|Any CPU.ActiveCfg = Release|Any CPU
		{B995714E-7198-34FF-C293-1A5A93C939EE}.Release|Any CPU.Build.0 = Release|Any CPU
		{EBD7819C-FEFB-C528-E197-7A2173201A97}.Debug|Any CPU.ActiveCfg = Debug|Any CPU
		{EBD7819C-FEFB-C528-E197-7A2173201A97}.Debug|Any CPU.Build.0 = Debug|Any CPU
		{EBD7819C-FEFB-C528-E197-7A2173201A97}.Release|Any CPU.ActiveCfg = Release|Any CPU
		{EBD7819C-FEFB-C528-E197-7A2173201A97}.Release|Any CPU.Build.0 = Release|Any CPU
		{3599E542-6F63-DCD2-BF71-010CE9832931}.Debug|Any CPU.ActiveCfg = Debug|Any CPU
		{3599E542-6F63-DCD2-BF71-010CE9832931}.Debug|Any CPU.Build.0 = Debug|Any CPU
		{3599E542-6F63-DCD2-BF71-010CE9832931}.Release|Any CPU.ActiveCfg = Release|Any CPU
		{3599E542-6F63-DCD2-BF71-010CE9832931}.Release|Any CPU.Build.0 = Release|Any CPU
		{05ACAE6A-00D6-1F8F-437D-267C291B9860}.Debug|Any CPU.ActiveCfg = Debug|Any CPU
		{05ACAE6A-00D6-1F8F-437D-267C291B9860}.Debug|Any CPU.Build.0 = Debug|Any CPU
		{05ACAE6A-00D6-1F8F-437D-267C291B9860}.Release|Any CPU.ActiveCfg = Release|Any CPU
		{05ACAE6A-00D6-1F8F-437D-267C291B9860}.Release|Any CPU.Build.0 = Release|Any CPU
		{002BFEE7-3B2C-CBB8-DA20-1E2A3EFCDDE5}.Debug|Any CPU.ActiveCfg = Debug|Any CPU
		{002BFEE7-3B2C-CBB8-DA20-1E2A3EFCDDE5}.Debug|Any CPU.Build.0 = Debug|Any CPU
		{002BFEE7-3B2C-CBB8-DA20-1E2A3EFCDDE5}.Release|Any CPU.ActiveCfg = Release|Any CPU
		{002BFEE7-3B2C-CBB8-DA20-1E2A3EFCDDE5}.Release|Any CPU.Build.0 = Release|Any CPU
	EndGlobalSection
	GlobalSection(SolutionProperties) = preSolution
		HideSolutionNode = FALSE
	EndGlobalSection
EndGlobal
